
Microsoft Visual Studio Solution File, Format Version 11.00
# Visual C# Express 2010
Project("{FAE04EC0-301F-11D3-BF4B-00C04F79EFBC}") = "PASATTest", "PASATTest\PASATTest.csproj", "{FCE585C3-139F-414A-91CC-E32F24CAF313}"
	ProjectSection(ProjectDependencies) = postProject
		{018C5E93-1ABF-4C4F-8B1C-E4C38A9F6BB8} = {018C5E93-1ABF-4C4F-8B1C-E4C38A9F6BB8}
	EndProjectSection
EndProject
Project("{FAE04EC0-301F-11D3-BF4B-00C04F79EFBC}") = "CommonModelAndController", "..\Common\C#\lib\CommonModelAndController\CommonModelAndController\CommonModelAndController.csproj", "{018C5E93-1ABF-4C4F-8B1C-E4C38A9F6BB8}"
EndProject
Global
	GlobalSection(SolutionConfigurationPlatforms) = preSolution
		Debug|Any CPU = Debug|Any CPU
		Debug|Mixed Platforms = Debug|Mixed Platforms
		Debug|x86 = Debug|x86
		Release|Any CPU = Release|Any CPU
		Release|Mixed Platforms = Release|Mixed Platforms
		Release|x86 = Release|x86
	EndGlobalSection
	GlobalSection(ProjectConfigurationPlatforms) = postSolution
		{FCE585C3-139F-414A-91CC-E32F24CAF313}.Debug|Any CPU.ActiveCfg = Debug|x86
		{FCE585C3-139F-414A-91CC-E32F24CAF313}.Debug|Mixed Platforms.ActiveCfg = Debug|x86
		{FCE585C3-139F-414A-91CC-E32F24CAF313}.Debug|Mixed Platforms.Build.0 = Debug|x86
		{FCE585C3-139F-414A-91CC-E32F24CAF313}.Debug|x86.ActiveCfg = Debug|x86
		{FCE585C3-139F-414A-91CC-E32F24CAF313}.Debug|x86.Build.0 = Debug|x86
		{FCE585C3-139F-414A-91CC-E32F24CAF313}.Release|Any CPU.ActiveCfg = Release|x86
		{FCE585C3-139F-414A-91CC-E32F24CAF313}.Release|Mixed Platforms.ActiveCfg = Release|x86
		{FCE585C3-139F-414A-91CC-E32F24CAF313}.Release|Mixed Platforms.Build.0 = Release|x86
		{FCE585C3-139F-414A-91CC-E32F24CAF313}.Release|x86.ActiveCfg = Release|x86
		{FCE585C3-139F-414A-91CC-E32F24CAF313}.Release|x86.Build.0 = Release|x86
		{018C5E93-1ABF-4C4F-8B1C-E4C38A9F6BB8}.Debug|Any CPU.ActiveCfg = Debug|Any CPU
		{018C5E93-1ABF-4C4F-8B1C-E4C38A9F6BB8}.Debug|Any CPU.Build.0 = Debug|Any CPU
		{018C5E93-1ABF-4C4F-8B1C-E4C38A9F6BB8}.Debug|Mixed Platforms.ActiveCfg = Debug|Any CPU
		{018C5E93-1ABF-4C4F-8B1C-E4C38A9F6BB8}.Debug|Mixed Platforms.Build.0 = Debug|Any CPU
		{018C5E93-1ABF-4C4F-8B1C-E4C38A9F6BB8}.Debug|x86.ActiveCfg = Debug|Any CPU
		{018C5E93-1ABF-4C4F-8B1C-E4C38A9F6BB8}.Release|Any CPU.ActiveCfg = Release|Any CPU
		{018C5E93-1ABF-4C4F-8B1C-E4C38A9F6BB8}.Release|Any CPU.Build.0 = Release|Any CPU
		{018C5E93-1ABF-4C4F-8B1C-E4C38A9F6BB8}.Release|Mixed Platforms.ActiveCfg = Release|Any CPU
		{018C5E93-1ABF-4C4F-8B1C-E4C38A9F6BB8}.Release|Mixed Platforms.Build.0 = Release|Any CPU
		{018C5E93-1ABF-4C4F-8B1C-E4C38A9F6BB8}.Release|x86.ActiveCfg = Release|Any CPU
	EndGlobalSection
	GlobalSection(SolutionProperties) = preSolution
		HideSolutionNode = FALSE
	EndGlobalSection
EndGlobal
