
Microsoft Visual Studio Solution File, Format Version 11.00
# Visual Studio 2010 Express for Windows Phone
Project("{FAE04EC0-301F-11D3-BF4B-00C04F79EFBC}") = "PASATTest_WP7", "PASATTest_WP7\PASATTest_WP7.csproj", "{0BC7239D-DC33-44F3-9F69-BB3FEA715D11}"
EndProject
Project("{FAE04EC0-301F-11D3-BF4B-00C04F79EFBC}") = "WP7Model_Controller", "..\Common\C#\lib\CommonModelAndController\WP7Model_Controller\WP7Model_Controller.csproj", "{3377A581-C821-4149-8F31-826C30E07639}"
EndProject
Global
	GlobalSection(SolutionConfigurationPlatforms) = preSolution
		Debug|Any CPU = Debug|Any CPU
		Release|Any CPU = Release|Any CPU
	EndGlobalSection
	GlobalSection(ProjectConfigurationPlatforms) = postSolution
		{0BC7239D-DC33-44F3-9F69-BB3FEA715D11}.Debug|Any CPU.ActiveCfg = Debug|Any CPU
		{0BC7239D-DC33-44F3-9F69-BB3FEA715D11}.Debug|Any CPU.Build.0 = Debug|Any CPU
		{0BC7239D-DC33-44F3-9F69-BB3FEA715D11}.Debug|Any CPU.Deploy.0 = Debug|Any CPU
		{0BC7239D-DC33-44F3-9F69-BB3FEA715D11}.Release|Any CPU.ActiveCfg = Release|Any CPU
		{0BC7239D-DC33-44F3-9F69-BB3FEA715D11}.Release|Any CPU.Build.0 = Release|Any CPU
		{0BC7239D-DC33-44F3-9F69-BB3FEA715D11}.Release|Any CPU.Deploy.0 = Release|Any CPU
		{3377A581-C821-4149-8F31-826C30E07639}.Debug|Any CPU.ActiveCfg = Debug|Any CPU
		{3377A581-C821-4149-8F31-826C30E07639}.Debug|Any CPU.Build.0 = Debug|Any CPU
		{3377A581-C821-4149-8F31-826C30E07639}.Release|Any CPU.ActiveCfg = Release|Any CPU
		{3377A581-C821-4149-8F31-826C30E07639}.Release|Any CPU.Build.0 = Release|Any CPU
	EndGlobalSection
	GlobalSection(SolutionProperties) = preSolution
		HideSolutionNode = FALSE
	EndGlobalSection
EndGlobal
